{
  "requires": true,
  "lockfileVersion": 1,
  "dependencies": {
    "bwip-js": {
      "version": "2.0.11",
      "resolved": "https://registry.npmjs.org/bwip-js/-/bwip-js-2.0.11.tgz",
      "integrity": "sha512-8hAwUM+5FrGguKRaFi2QxKF9SxQM4fAfTy5TVAkeBODH6Eq3Q8MMEoBN+ymIBxiGKL+wNHB1Z1pv5f9oWGLUKQ=="
    }
  }
}
